
Microsoft Visual Studio Solution File, Format Version 12.00
# Visual Studio Version 17
VisualStudioVersion = 17.1.32319.34
MinimumVisualStudioVersion = 10.0.40219.1
Project("{FAE04EC0-301F-11D3-BF4B-00C04F79EFBC}") = "Ejercicio 13", "Ejercicio 13\Ejercicio 13.csproj", "{126D6CF9-8688-49CF-B14E-60109B258343}"
EndProject
Project("{FAE04EC0-301F-11D3-BF4B-00C04F79EFBC}") = "Ejercicio 09", "Ejercicio 09\Ejercicio 09.csproj", "{8B4FDBD4-E742-4A4B-90D9-A024B4F11C5E}"
EndProject
Project("{FAE04EC0-301F-11D3-BF4B-00C04F79EFBC}") = "Ejercicio 10", "Ejercicio 10\Ejercicio 10.csproj", "{30257780-015C-40FE-A0FC-644507E1C2DA}"
EndProject
Project("{FAE04EC0-301F-11D3-BF4B-00C04F79EFBC}") = "Ejercicio 11", "Ejercicio 11\Ejercicio 11.csproj", "{61216D83-ECEB-4141-B95D-F9FE38ADE782}"
EndProject
Project("{FAE04EC0-301F-11D3-BF4B-00C04F79EFBC}") = "Ejercicio 12", "Ejercicio 12\Ejercicio 12.csproj", "{F6877258-E170-4C2C-8E3A-311899C797F5}"
EndProject
Project("{FAE04EC0-301F-11D3-BF4B-00C04F79EFBC}") = "Ejercicio 14", "Ejercicio 14\Ejercicio 14.csproj", "{A18DE564-0655-4418-8A88-A345C67F4D13}"
EndProject
Project("{FAE04EC0-301F-11D3-BF4B-00C04F79EFBC}") = "Ejercicio 15", "Ejercicio 15\Ejercicio 15.csproj", "{97A80665-95D1-496D-ACFD-28E8968C4726}"
EndProject
Project("{FAE04EC0-301F-11D3-BF4B-00C04F79EFBC}") = "Ejercicio 16", "Ejercicio 16\Ejercicio 16.csproj", "{5044C811-9AFD-423A-9D8F-A3E049286131}"
EndProject
Project("{FAE04EC0-301F-11D3-BF4B-00C04F79EFBC}") = "Ejercicio 01", "Ejercicio 01\Ejercicio 01.csproj", "{97A3E389-86F1-4D0E-842A-0604B7EE22DA}"
EndProject
Project("{FAE04EC0-301F-11D3-BF4B-00C04F79EFBC}") = "Ejercicio 02", "Ejercicio 02\Ejercicio 02.csproj", "{0BEF08FE-0054-4221-A46A-35553EABACC7}"
EndProject
Project("{FAE04EC0-301F-11D3-BF4B-00C04F79EFBC}") = "Ejercicio 05", "Ejercicio 05\Ejercicio 05.csproj", "{ED18932E-1418-4969-847D-75DB47AC32CE}"
EndProject
Project("{FAE04EC0-301F-11D3-BF4B-00C04F79EFBC}") = "Ejercicio 08", "Ejercicio 08\Ejercicio 08.csproj", "{3A8FF018-F933-4229-A49D-24B6415989B5}"
EndProject
Project("{FAE04EC0-301F-11D3-BF4B-00C04F79EFBC}") = "Ejercicio 06", "Ejercicio 06\Ejercicio 06.csproj", "{478B665A-9447-4F6F-BB58-F1737C89DFE8}"
EndProject
Project("{FAE04EC0-301F-11D3-BF4B-00C04F79EFBC}") = "Ejercicio 07", "Ejercicio 07\Ejercicio 07.csproj", "{6CA546E3-62C1-4656-B7AA-E624BD9C617E}"
EndProject
Project("{FAE04EC0-301F-11D3-BF4B-00C04F79EFBC}") = "Ejercicio 17", "Ejercicio 17\Ejercicio 17.csproj", "{74C08F78-B5F9-471D-9615-8821BB44737B}"
EndProject
Project("{FAE04EC0-301F-11D3-BF4B-00C04F79EFBC}") = "Ejercicio 03", "Ejercicio 03\Ejercicio 03.csproj", "{FD06AC2D-0DB4-4854-BDBB-4F88E63D6BAB}"
EndProject
Project("{FAE04EC0-301F-11D3-BF4B-00C04F79EFBC}") = "Ejercicio 04", "Ejercicio 04\Ejercicio 04.csproj", "{FF66A640-5CE8-49F8-8B43-6D762A099862}"
EndProject
Global
	GlobalSection(SolutionConfigurationPlatforms) = preSolution
		Debug|Any CPU = Debug|Any CPU
		Release|Any CPU = Release|Any CPU
	EndGlobalSection
	GlobalSection(ProjectConfigurationPlatforms) = postSolution
		{126D6CF9-8688-49CF-B14E-60109B258343}.Debug|Any CPU.ActiveCfg = Debug|Any CPU
		{126D6CF9-8688-49CF-B14E-60109B258343}.Debug|Any CPU.Build.0 = Debug|Any CPU
		{126D6CF9-8688-49CF-B14E-60109B258343}.Release|Any CPU.ActiveCfg = Release|Any CPU
		{126D6CF9-8688-49CF-B14E-60109B258343}.Release|Any CPU.Build.0 = Release|Any CPU
		{8B4FDBD4-E742-4A4B-90D9-A024B4F11C5E}.Debug|Any CPU.ActiveCfg = Debug|Any CPU
		{8B4FDBD4-E742-4A4B-90D9-A024B4F11C5E}.Debug|Any CPU.Build.0 = Debug|Any CPU
		{8B4FDBD4-E742-4A4B-90D9-A024B4F11C5E}.Release|Any CPU.ActiveCfg = Release|Any CPU
		{8B4FDBD4-E742-4A4B-90D9-A024B4F11C5E}.Release|Any CPU.Build.0 = Release|Any CPU
		{30257780-015C-40FE-A0FC-644507E1C2DA}.Debug|Any CPU.ActiveCfg = Debug|Any CPU
		{30257780-015C-40FE-A0FC-644507E1C2DA}.Debug|Any CPU.Build.0 = Debug|Any CPU
		{30257780-015C-40FE-A0FC-644507E1C2DA}.Release|Any CPU.ActiveCfg = Release|Any CPU
		{30257780-015C-40FE-A0FC-644507E1C2DA}.Release|Any CPU.Build.0 = Release|Any CPU
		{61216D83-ECEB-4141-B95D-F9FE38ADE782}.Debug|Any CPU.ActiveCfg = Debug|Any CPU
		{61216D83-ECEB-4141-B95D-F9FE38ADE782}.Debug|Any CPU.Build.0 = Debug|Any CPU
		{61216D83-ECEB-4141-B95D-F9FE38ADE782}.Release|Any CPU.ActiveCfg = Release|Any CPU
		{61216D83-ECEB-4141-B95D-F9FE38ADE782}.Release|Any CPU.Build.0 = Release|Any CPU
		{F6877258-E170-4C2C-8E3A-311899C797F5}.Debug|Any CPU.ActiveCfg = Debug|Any CPU
		{F6877258-E170-4C2C-8E3A-311899C797F5}.Debug|Any CPU.Build.0 = Debug|Any CPU
		{F6877258-E170-4C2C-8E3A-311899C797F5}.Release|Any CPU.ActiveCfg = Release|Any CPU
		{F6877258-E170-4C2C-8E3A-311899C797F5}.Release|Any CPU.Build.0 = Release|Any CPU
		{A18DE564-0655-4418-8A88-A345C67F4D13}.Debug|Any CPU.ActiveCfg = Debug|Any CPU
		{A18DE564-0655-4418-8A88-A345C67F4D13}.Debug|Any CPU.Build.0 = Debug|Any CPU
		{A18DE564-0655-4418-8A88-A345C67F4D13}.Release|Any CPU.ActiveCfg = Release|Any CPU
		{A18DE564-0655-4418-8A88-A345C67F4D13}.Release|Any CPU.Build.0 = Release|Any CPU
		{97A80665-95D1-496D-ACFD-28E8968C4726}.Debug|Any CPU.ActiveCfg = Debug|Any CPU
		{97A80665-95D1-496D-ACFD-28E8968C4726}.Debug|Any CPU.Build.0 = Debug|Any CPU
		{97A80665-95D1-496D-ACFD-28E8968C4726}.Release|Any CPU.ActiveCfg = Release|Any CPU
		{97A80665-95D1-496D-ACFD-28E8968C4726}.Release|Any CPU.Build.0 = Release|Any CPU
		{5044C811-9AFD-423A-9D8F-A3E049286131}.Debug|Any CPU.ActiveCfg = Debug|Any CPU
		{5044C811-9AFD-423A-9D8F-A3E049286131}.Debug|Any CPU.Build.0 = Debug|Any CPU
		{5044C811-9AFD-423A-9D8F-A3E049286131}.Release|Any CPU.ActiveCfg = Release|Any CPU
		{5044C811-9AFD-423A-9D8F-A3E049286131}.Release|Any CPU.Build.0 = Release|Any CPU
		{97A3E389-86F1-4D0E-842A-0604B7EE22DA}.Debug|Any CPU.ActiveCfg = Debug|Any CPU
		{97A3E389-86F1-4D0E-842A-0604B7EE22DA}.Debug|Any CPU.Build.0 = Debug|Any CPU
		{97A3E389-86F1-4D0E-842A-0604B7EE22DA}.Release|Any CPU.ActiveCfg = Release|Any CPU
		{97A3E389-86F1-4D0E-842A-0604B7EE22DA}.Release|Any CPU.Build.0 = Release|Any CPU
		{0BEF08FE-0054-4221-A46A-35553EABACC7}.Debug|Any CPU.ActiveCfg = Debug|Any CPU
		{0BEF08FE-0054-4221-A46A-35553EABACC7}.Debug|Any CPU.Build.0 = Debug|Any CPU
		{0BEF08FE-0054-4221-A46A-35553EABACC7}.Release|Any CPU.ActiveCfg = Release|Any CPU
		{0BEF08FE-0054-4221-A46A-35553EABACC7}.Release|Any CPU.Build.0 = Release|Any CPU
		{ED18932E-1418-4969-847D-75DB47AC32CE}.Debug|Any CPU.ActiveCfg = Debug|Any CPU
		{ED18932E-1418-4969-847D-75DB47AC32CE}.Debug|Any CPU.Build.0 = Debug|Any CPU
		{ED18932E-1418-4969-847D-75DB47AC32CE}.Release|Any CPU.ActiveCfg = Release|Any CPU
		{ED18932E-1418-4969-847D-75DB47AC32CE}.Release|Any CPU.Build.0 = Release|Any CPU
		{3A8FF018-F933-4229-A49D-24B6415989B5}.Debug|Any CPU.ActiveCfg = Debug|Any CPU
		{3A8FF018-F933-4229-A49D-24B6415989B5}.Debug|Any CPU.Build.0 = Debug|Any CPU
		{3A8FF018-F933-4229-A49D-24B6415989B5}.Release|Any CPU.ActiveCfg = Release|Any CPU
		{3A8FF018-F933-4229-A49D-24B6415989B5}.Release|Any CPU.Build.0 = Release|Any CPU
		{478B665A-9447-4F6F-BB58-F1737C89DFE8}.Debug|Any CPU.ActiveCfg = Debug|Any CPU
		{478B665A-9447-4F6F-BB58-F1737C89DFE8}.Debug|Any CPU.Build.0 = Debug|Any CPU
		{478B665A-9447-4F6F-BB58-F1737C89DFE8}.Release|Any CPU.ActiveCfg = Release|Any CPU
		{478B665A-9447-4F6F-BB58-F1737C89DFE8}.Release|Any CPU.Build.0 = Release|Any CPU
		{6CA546E3-62C1-4656-B7AA-E624BD9C617E}.Debug|Any CPU.ActiveCfg = Debug|Any CPU
		{6CA546E3-62C1-4656-B7AA-E624BD9C617E}.Debug|Any CPU.Build.0 = Debug|Any CPU
		{6CA546E3-62C1-4656-B7AA-E624BD9C617E}.Release|Any CPU.ActiveCfg = Release|Any CPU
		{6CA546E3-62C1-4656-B7AA-E624BD9C617E}.Release|Any CPU.Build.0 = Release|Any CPU
		{74C08F78-B5F9-471D-9615-8821BB44737B}.Debug|Any CPU.ActiveCfg = Debug|Any CPU
		{74C08F78-B5F9-471D-9615-8821BB44737B}.Debug|Any CPU.Build.0 = Debug|Any CPU
		{74C08F78-B5F9-471D-9615-8821BB44737B}.Release|Any CPU.ActiveCfg = Release|Any CPU
		{74C08F78-B5F9-471D-9615-8821BB44737B}.Release|Any CPU.Build.0 = Release|Any CPU
		{FD06AC2D-0DB4-4854-BDBB-4F88E63D6BAB}.Debug|Any CPU.ActiveCfg = Debug|Any CPU
		{FD06AC2D-0DB4-4854-BDBB-4F88E63D6BAB}.Debug|Any CPU.Build.0 = Debug|Any CPU
		{FD06AC2D-0DB4-4854-BDBB-4F88E63D6BAB}.Release|Any CPU.ActiveCfg = Release|Any CPU
		{FD06AC2D-0DB4-4854-BDBB-4F88E63D6BAB}.Release|Any CPU.Build.0 = Release|Any CPU
		{FF66A640-5CE8-49F8-8B43-6D762A099862}.Debug|Any CPU.ActiveCfg = Debug|Any CPU
		{FF66A640-5CE8-49F8-8B43-6D762A099862}.Debug|Any CPU.Build.0 = Debug|Any CPU
		{FF66A640-5CE8-49F8-8B43-6D762A099862}.Release|Any CPU.ActiveCfg = Release|Any CPU
		{FF66A640-5CE8-49F8-8B43-6D762A099862}.Release|Any CPU.Build.0 = Release|Any CPU
	EndGlobalSection
	GlobalSection(SolutionProperties) = preSolution
		HideSolutionNode = FALSE
	EndGlobalSection
	GlobalSection(ExtensibilityGlobals) = postSolution
		SolutionGuid = {FFC33D00-2ED6-46A0-AC42-C4DBCEC6EAE9}
	EndGlobalSection
EndGlobal
