
Microsoft Visual Studio Solution File, Format Version 12.00
# Visual Studio Version 17
VisualStudioVersion = 17.2.32616.157
MinimumVisualStudioVersion = 10.0.40219.1
Project("{FAE04EC0-301F-11D3-BF4B-00C04F79EFBC}") = "Ejercicio 01", "Ejercicio 01\Ejercicio 01.csproj", "{069508EC-2794-4FD6-88E8-43BD17EF6CA9}"
EndProject
Project("{FAE04EC0-301F-11D3-BF4B-00C04F79EFBC}") = "Ejercicio 02", "Ejercicio 02\Ejercicio 02.csproj", "{D9456D0D-A22F-4147-83DF-D7782A02E1AE}"
EndProject
Project("{FAE04EC0-301F-11D3-BF4B-00C04F79EFBC}") = "Ejercicio 03", "Ejercicio 03\Ejercicio 03.csproj", "{D428B504-C61B-439C-A98A-2ED2D04BE107}"
EndProject
Project("{FAE04EC0-301F-11D3-BF4B-00C04F79EFBC}") = "Ejercicio 04", "Ejercicio 04\Ejercicio 04.csproj", "{DB8A3842-13C7-47FB-AD41-4B119F5D0FCA}"
EndProject
Global
	GlobalSection(SolutionConfigurationPlatforms) = preSolution
		Debug|Any CPU = Debug|Any CPU
		Release|Any CPU = Release|Any CPU
	EndGlobalSection
	GlobalSection(ProjectConfigurationPlatforms) = postSolution
		{069508EC-2794-4FD6-88E8-43BD17EF6CA9}.Debug|Any CPU.ActiveCfg = Debug|Any CPU
		{069508EC-2794-4FD6-88E8-43BD17EF6CA9}.Debug|Any CPU.Build.0 = Debug|Any CPU
		{069508EC-2794-4FD6-88E8-43BD17EF6CA9}.Release|Any CPU.ActiveCfg = Release|Any CPU
		{069508EC-2794-4FD6-88E8-43BD17EF6CA9}.Release|Any CPU.Build.0 = Release|Any CPU
		{D9456D0D-A22F-4147-83DF-D7782A02E1AE}.Debug|Any CPU.ActiveCfg = Debug|Any CPU
		{D9456D0D-A22F-4147-83DF-D7782A02E1AE}.Debug|Any CPU.Build.0 = Debug|Any CPU
		{D9456D0D-A22F-4147-83DF-D7782A02E1AE}.Release|Any CPU.ActiveCfg = Release|Any CPU
		{D9456D0D-A22F-4147-83DF-D7782A02E1AE}.Release|Any CPU.Build.0 = Release|Any CPU
		{D428B504-C61B-439C-A98A-2ED2D04BE107}.Debug|Any CPU.ActiveCfg = Debug|Any CPU
		{D428B504-C61B-439C-A98A-2ED2D04BE107}.Debug|Any CPU.Build.0 = Debug|Any CPU
		{D428B504-C61B-439C-A98A-2ED2D04BE107}.Release|Any CPU.ActiveCfg = Release|Any CPU
		{D428B504-C61B-439C-A98A-2ED2D04BE107}.Release|Any CPU.Build.0 = Release|Any CPU
		{DB8A3842-13C7-47FB-AD41-4B119F5D0FCA}.Debug|Any CPU.ActiveCfg = Debug|Any CPU
		{DB8A3842-13C7-47FB-AD41-4B119F5D0FCA}.Debug|Any CPU.Build.0 = Debug|Any CPU
		{DB8A3842-13C7-47FB-AD41-4B119F5D0FCA}.Release|Any CPU.ActiveCfg = Release|Any CPU
		{DB8A3842-13C7-47FB-AD41-4B119F5D0FCA}.Release|Any CPU.Build.0 = Release|Any CPU
	EndGlobalSection
	GlobalSection(SolutionProperties) = preSolution
		HideSolutionNode = FALSE
	EndGlobalSection
	GlobalSection(ExtensibilityGlobals) = postSolution
		SolutionGuid = {29AEB1FA-9FF7-4099-8755-E69CE2ABF334}
	EndGlobalSection
EndGlobal
