
Microsoft Visual Studio Solution File, Format Version 12.00
# Visual Studio Version 17
VisualStudioVersion = 17.2.32616.157
MinimumVisualStudioVersion = 10.0.40219.1
Project("{FAE04EC0-301F-11D3-BF4B-00C04F79EFBC}") = "Ejercicio 01", "Ejercicio 01\Ejercicio 01.csproj", "{82C46B15-7F6F-4A2D-99C8-0DAB6B39C168}"
EndProject
Project("{FAE04EC0-301F-11D3-BF4B-00C04F79EFBC}") = "Ejercicio 02", "Ejercicio 02\Ejercicio 02.csproj", "{9C706CE5-7C85-4C8D-8A80-315F94CE77C6}"
EndProject
Project("{FAE04EC0-301F-11D3-BF4B-00C04F79EFBC}") = "Ejercicio 03", "Ejercicio 03\Ejercicio 03.csproj", "{67124AD3-7E9D-498B-8C2B-3563076C4948}"
EndProject
Global
	GlobalSection(SolutionConfigurationPlatforms) = preSolution
		Debug|Any CPU = Debug|Any CPU
		Release|Any CPU = Release|Any CPU
	EndGlobalSection
	GlobalSection(ProjectConfigurationPlatforms) = postSolution
		{82C46B15-7F6F-4A2D-99C8-0DAB6B39C168}.Debug|Any CPU.ActiveCfg = Debug|Any CPU
		{82C46B15-7F6F-4A2D-99C8-0DAB6B39C168}.Debug|Any CPU.Build.0 = Debug|Any CPU
		{82C46B15-7F6F-4A2D-99C8-0DAB6B39C168}.Release|Any CPU.ActiveCfg = Release|Any CPU
		{82C46B15-7F6F-4A2D-99C8-0DAB6B39C168}.Release|Any CPU.Build.0 = Release|Any CPU
		{9C706CE5-7C85-4C8D-8A80-315F94CE77C6}.Debug|Any CPU.ActiveCfg = Debug|Any CPU
		{9C706CE5-7C85-4C8D-8A80-315F94CE77C6}.Debug|Any CPU.Build.0 = Debug|Any CPU
		{9C706CE5-7C85-4C8D-8A80-315F94CE77C6}.Release|Any CPU.ActiveCfg = Release|Any CPU
		{9C706CE5-7C85-4C8D-8A80-315F94CE77C6}.Release|Any CPU.Build.0 = Release|Any CPU
		{67124AD3-7E9D-498B-8C2B-3563076C4948}.Debug|Any CPU.ActiveCfg = Debug|Any CPU
		{67124AD3-7E9D-498B-8C2B-3563076C4948}.Debug|Any CPU.Build.0 = Debug|Any CPU
		{67124AD3-7E9D-498B-8C2B-3563076C4948}.Release|Any CPU.ActiveCfg = Release|Any CPU
		{67124AD3-7E9D-498B-8C2B-3563076C4948}.Release|Any CPU.Build.0 = Release|Any CPU
	EndGlobalSection
	GlobalSection(SolutionProperties) = preSolution
		HideSolutionNode = FALSE
	EndGlobalSection
	GlobalSection(ExtensibilityGlobals) = postSolution
		SolutionGuid = {14FDDE9D-4B47-491F-AD09-201E235E21B5}
	EndGlobalSection
EndGlobal
